{
  "name": "chessboard",
  "version": "1.0.0",
  "lockfileVersion": 2,
  "requires": true,
  "packages": {
    "": {
      "name": "chessboard",
      "version": "1.0.0",
      "license": "MIT",
      "dependencies": {
        "@lottiefiles/lottie-player": "^1.5.7",
        "@splidejs/splide": "^4.1.3",
        "bulma": "^0.9.4",
        "xmlrpc": "^1.3.2"
      }
    },
    "node_modules/@lit/reactive-element": {
      "version": "1.4.1",
      "resolved": "https://registry.npmjs.org/@lit/reactive-element/-/reactive-element-1.4.1.tgz",
      "integrity": "sha512-qDv4851VFSaBWzpS02cXHclo40jsbAjRXnebNXpm0uVg32kCneZPo9RYVQtrTNICtZ+1wAYHu1ZtxWSWMbKrBw=="
    },
    "node_modules/@lottiefiles/lottie-player": {
      "version": "1.5.7",
      "resolved": "https://registry.npmjs.org/@lottiefiles/lottie-player/-/lottie-player-1.5.7.tgz",
      "integrity": "sha512-G9rBnH3GJv7ADPLGhwvauWf5IhHja5615N9ROjVE7O384nkHccJ2C/v0AZ9ybx63QTGojN7NaKYdTKq6NMcNrg==",
      "dependencies": {
        "@types/pako": "^1.0.1",
        "lit": "^2.1.2",
        "lottie-web": "^5.8.1",
        "pako": "^2.0.4",
        "resize-observer-polyfill": "^1.5.1"
      }
    },
    "node_modules/@splidejs/splide": {
      "version": "4.1.3",
      "resolved": "https://registry.npmjs.org/@splidejs/splide/-/splide-4.1.3.tgz",
      "integrity": "sha512-nmexLBzGy2vLR25uDSnFMk54dFMkSalmIdKY7fNkJZY8MO/x0n8PS9SW6VajiNTTV8Yo1IXsNCBczc2uj7kzBA=="
    },
    "node_modules/@types/pako": {
      "version": "1.0.4",
      "resolved": "https://registry.npmjs.org/@types/pako/-/pako-1.0.4.tgz",
      "integrity": "sha512-Z+5bJSm28EXBSUJEgx29ioWeEEHUh6TiMkZHDhLwjc9wVFH+ressbkmX6waUZc5R3Gobn4Qu5llGxaoflZ+yhA=="
    },
    "node_modules/@types/trusted-types": {
      "version": "2.0.2",
      "resolved": "https://registry.npmjs.org/@types/trusted-types/-/trusted-types-2.0.2.tgz",
      "integrity": "sha512-F5DIZ36YVLE+PN+Zwws4kJogq47hNgX3Nx6WyDJ3kcplxyke3XIzB8uK5n/Lpm1HBsbGzd6nmGehL8cPekP+Tg=="
    },
    "node_modules/bulma": {
      "version": "0.9.4",
      "resolved": "https://registry.npmjs.org/bulma/-/bulma-0.9.4.tgz",
      "integrity": "sha512-86FlT5+1GrsgKbPLRRY7cGDg8fsJiP/jzTqXXVqiUZZ2aZT8uemEOHlU1CDU+TxklPEZ11HZNNWclRBBecP4CQ=="
    },
    "node_modules/lit": {
      "version": "2.4.0",
      "resolved": "https://registry.npmjs.org/lit/-/lit-2.4.0.tgz",
      "integrity": "sha512-fdgzxEtLrZFQU/BqTtxFQCLwlZd9bdat+ltzSFjvWkZrs7eBmeX0L5MHUMb3kYIkuS8Xlfnii/iI5klirF8/Xg==",
      "dependencies": {
        "@lit/reactive-element": "^1.4.0",
        "lit-element": "^3.2.0",
        "lit-html": "^2.4.0"
      }
    },
    "node_modules/lit-element": {
      "version": "3.2.2",
      "resolved": "https://registry.npmjs.org/lit-element/-/lit-element-3.2.2.tgz",
      "integrity": "sha512-6ZgxBR9KNroqKb6+htkyBwD90XGRiqKDHVrW/Eh0EZ+l+iC+u+v+w3/BA5NGi4nizAVHGYvQBHUDuSmLjPp7NQ==",
      "dependencies": {
        "@lit/reactive-element": "^1.3.0",
        "lit-html": "^2.2.0"
      }
    },
    "node_modules/lit-html": {
      "version": "2.4.0",
      "resolved": "https://registry.npmjs.org/lit-html/-/lit-html-2.4.0.tgz",
      "integrity": "sha512-G6qXu4JNUpY6aaF2VMfaszhO9hlWw0hOTRFDmuMheg/nDYGB+2RztUSOyrzALAbr8Nh0Y7qjhYkReh3rPnplVg==",
      "dependencies": {
        "@types/trusted-types": "^2.0.2"
      }
    },
    "node_modules/lottie-web": {
      "version": "5.9.6",
      "resolved": "https://registry.npmjs.org/lottie-web/-/lottie-web-5.9.6.tgz",
      "integrity": "sha512-JFs7KsHwflugH5qIXBpB4905yC1Sub2MZWtl/elvO/QC6qj1ApqbUZJyjzJseJUtVpgiDaXQLjBlIJGS7UUUXA=="
    },
    "node_modules/pako": {
      "version": "2.0.4",
      "resolved": "https://registry.npmjs.org/pako/-/pako-2.0.4.tgz",
      "integrity": "sha512-v8tweI900AUkZN6heMU/4Uy4cXRc2AYNRggVmTR+dEncawDJgCdLMximOVA2p4qO57WMynangsfGRb5WD6L1Bg=="
    },
    "node_modules/resize-observer-polyfill": {
      "version": "1.5.1",
      "resolved": "https://registry.npmjs.org/resize-observer-polyfill/-/resize-observer-polyfill-1.5.1.tgz",
      "integrity": "sha512-LwZrotdHOo12nQuZlHEmtuXdqGoOD0OhaxopaNFxWzInpEgaLWoVuAMbTzixuosCx2nEG58ngzW3vxdWoxIgdg=="
    },
    "node_modules/sax": {
      "version": "1.2.4",
      "resolved": "https://registry.npmjs.org/sax/-/sax-1.2.4.tgz",
      "integrity": "sha512-NqVDv9TpANUjFm0N8uM5GxL36UgKi9/atZw+x7YFnQ8ckwFGKrl4xX4yWtrey3UJm5nP1kUbnYgLopqWNSRhWw=="
    },
    "node_modules/xmlbuilder": {
      "version": "8.2.2",
      "resolved": "https://registry.npmjs.org/xmlbuilder/-/xmlbuilder-8.2.2.tgz",
      "integrity": "sha512-eKRAFz04jghooy8muekqzo8uCSVNeyRedbuJrp0fovbLIi7wlsYtdUn3vBAAPq2Y3/0xMz2WMEUQ8yhVVO9Stw==",
      "engines": {
        "node": ">=4.0"
      }
    },
    "node_modules/xmlrpc": {
      "version": "1.3.2",
      "resolved": "https://registry.npmjs.org/xmlrpc/-/xmlrpc-1.3.2.tgz",
      "integrity": "sha512-jQf5gbrP6wvzN71fgkcPPkF4bF/Wyovd7Xdff8d6/ihxYmgETQYSuTc+Hl+tsh/jmgPLro/Aro48LMFlIyEKKQ==",
      "dependencies": {
        "sax": "1.2.x",
        "xmlbuilder": "8.2.x"
      },
      "engines": {
        "node": ">=0.8",
        "npm": ">=1.0.0"
      }
    }
  },
  "dependencies": {
    "@lit/reactive-element": {
      "version": "1.4.1",
      "resolved": "https://registry.npmjs.org/@lit/reactive-element/-/reactive-element-1.4.1.tgz",
      "integrity": "sha512-qDv4851VFSaBWzpS02cXHclo40jsbAjRXnebNXpm0uVg32kCneZPo9RYVQtrTNICtZ+1wAYHu1ZtxWSWMbKrBw=="
    },
    "@lottiefiles/lottie-player": {
      "version": "1.5.7",
      "resolved": "https://registry.npmjs.org/@lottiefiles/lottie-player/-/lottie-player-1.5.7.tgz",
      "integrity": "sha512-G9rBnH3GJv7ADPLGhwvauWf5IhHja5615N9ROjVE7O384nkHccJ2C/v0AZ9ybx63QTGojN7NaKYdTKq6NMcNrg==",
      "requires": {
        "@types/pako": "^1.0.1",
        "lit": "^2.1.2",
        "lottie-web": "^5.8.1",
        "pako": "^2.0.4",
        "resize-observer-polyfill": "^1.5.1"
      }
    },
    "@splidejs/splide": {
      "version": "4.1.3",
      "resolved": "https://registry.npmjs.org/@splidejs/splide/-/splide-4.1.3.tgz",
      "integrity": "sha512-nmexLBzGy2vLR25uDSnFMk54dFMkSalmIdKY7fNkJZY8MO/x0n8PS9SW6VajiNTTV8Yo1IXsNCBczc2uj7kzBA=="
    },
    "@types/pako": {
      "version": "1.0.4",
      "resolved": "https://registry.npmjs.org/@types/pako/-/pako-1.0.4.tgz",
      "integrity": "sha512-Z+5bJSm28EXBSUJEgx29ioWeEEHUh6TiMkZHDhLwjc9wVFH+ressbkmX6waUZc5R3Gobn4Qu5llGxaoflZ+yhA=="
    },
    "@types/trusted-types": {
      "version": "2.0.2",
      "resolved": "https://registry.npmjs.org/@types/trusted-types/-/trusted-types-2.0.2.tgz",
      "integrity": "sha512-F5DIZ36YVLE+PN+Zwws4kJogq47hNgX3Nx6WyDJ3kcplxyke3XIzB8uK5n/Lpm1HBsbGzd6nmGehL8cPekP+Tg=="
    },
    "bulma": {
      "version": "0.9.4",
      "resolved": "https://registry.npmjs.org/bulma/-/bulma-0.9.4.tgz",
      "integrity": "sha512-86FlT5+1GrsgKbPLRRY7cGDg8fsJiP/jzTqXXVqiUZZ2aZT8uemEOHlU1CDU+TxklPEZ11HZNNWclRBBecP4CQ=="
    },
    "lit": {
      "version": "2.4.0",
      "resolved": "https://registry.npmjs.org/lit/-/lit-2.4.0.tgz",
      "integrity": "sha512-fdgzxEtLrZFQU/BqTtxFQCLwlZd9bdat+ltzSFjvWkZrs7eBmeX0L5MHUMb3kYIkuS8Xlfnii/iI5klirF8/Xg==",
      "requires": {
        "@lit/reactive-element": "^1.4.0",
        "lit-element": "^3.2.0",
        "lit-html": "^2.4.0"
      }
    },
    "lit-element": {
      "version": "3.2.2",
      "resolved": "https://registry.npmjs.org/lit-element/-/lit-element-3.2.2.tgz",
      "integrity": "sha512-6ZgxBR9KNroqKb6+htkyBwD90XGRiqKDHVrW/Eh0EZ+l+iC+u+v+w3/BA5NGi4nizAVHGYvQBHUDuSmLjPp7NQ==",
      "requires": {
        "@lit/reactive-element": "^1.3.0",
        "lit-html": "^2.2.0"
      }
    },
    "lit-html": {
      "version": "2.4.0",
      "resolved": "https://registry.npmjs.org/lit-html/-/lit-html-2.4.0.tgz",
      "integrity": "sha512-G6qXu4JNUpY6aaF2VMfaszhO9hlWw0hOTRFDmuMheg/nDYGB+2RztUSOyrzALAbr8Nh0Y7qjhYkReh3rPnplVg==",
      "requires": {
        "@types/trusted-types": "^2.0.2"
      }
    },
    "lottie-web": {
      "version": "5.9.6",
      "resolved": "https://registry.npmjs.org/lottie-web/-/lottie-web-5.9.6.tgz",
      "integrity": "sha512-JFs7KsHwflugH5qIXBpB4905yC1Sub2MZWtl/elvO/QC6qj1ApqbUZJyjzJseJUtVpgiDaXQLjBlIJGS7UUUXA=="
    },
    "pako": {
      "version": "2.0.4",
      "resolved": "https://registry.npmjs.org/pako/-/pako-2.0.4.tgz",
      "integrity": "sha512-v8tweI900AUkZN6heMU/4Uy4cXRc2AYNRggVmTR+dEncawDJgCdLMximOVA2p4qO57WMynangsfGRb5WD6L1Bg=="
    },
    "resize-observer-polyfill": {
      "version": "1.5.1",
      "resolved": "https://registry.npmjs.org/resize-observer-polyfill/-/resize-observer-polyfill-1.5.1.tgz",
      "integrity": "sha512-LwZrotdHOo12nQuZlHEmtuXdqGoOD0OhaxopaNFxWzInpEgaLWoVuAMbTzixuosCx2nEG58ngzW3vxdWoxIgdg=="
    },
    "sax": {
      "version": "1.2.4",
      "resolved": "https://registry.npmjs.org/sax/-/sax-1.2.4.tgz",
      "integrity": "sha512-NqVDv9TpANUjFm0N8uM5GxL36UgKi9/atZw+x7YFnQ8ckwFGKrl4xX4yWtrey3UJm5nP1kUbnYgLopqWNSRhWw=="
    },
    "xmlbuilder": {
      "version": "8.2.2",
      "resolved": "https://registry.npmjs.org/xmlbuilder/-/xmlbuilder-8.2.2.tgz",
      "integrity": "sha512-eKRAFz04jghooy8muekqzo8uCSVNeyRedbuJrp0fovbLIi7wlsYtdUn3vBAAPq2Y3/0xMz2WMEUQ8yhVVO9Stw=="
    },
    "xmlrpc": {
      "version": "1.3.2",
      "resolved": "https://registry.npmjs.org/xmlrpc/-/xmlrpc-1.3.2.tgz",
      "integrity": "sha512-jQf5gbrP6wvzN71fgkcPPkF4bF/Wyovd7Xdff8d6/ihxYmgETQYSuTc+Hl+tsh/jmgPLro/Aro48LMFlIyEKKQ==",
      "requires": {
        "sax": "1.2.x",
        "xmlbuilder": "8.2.x"
      }
    }
  }
}
